// !$*UTF8*$!
{
	archiveVersion = 1;
	classes = {
	};
	objectVersion = 56;
	objects = {

/* Begin PBXBuildFile section */
		E7B367DD29F4117C00A78A4C /* AppDelegate.swift in Sources */ = {isa = PBXBuildFile; fileRef = E7B367DC29F4117C00A78A4C /* AppDelegate.swift */; };
		E7B367DF29F4117C00A78A4C /* SceneDelegate.swift in Sources */ = {isa = PBXBuildFile; fileRef = E7B367DE29F4117C00A78A4C /* SceneDelegate.swift */; };
		E7B367E129F4117C00A78A4C /* OverviewController.swift in Sources */ = {isa = PBXBuildFile; fileRef = E7B367E029F4117C00A78A4C /* OverviewController.swift */; };
		E7B367E629F4117E00A78A4C /* Assets.xcassets in Resources */ = {isa = PBXBuildFile; fileRef = E7B367E529F4117E00A78A4C /* Assets.xcassets */; };
		E7B367E929F4117E00A78A4C /* LaunchScreen.storyboard in Resources */ = {isa = PBXBuildFile; fileRef = E7B367E729F4117E00A78A4C /* LaunchScreen.storyboard */; };
		E7B367F429F415AC00A78A4C /* TabBarController.swift in Sources */ = {isa = PBXBuildFile; fileRef = E7B367F329F415AC00A78A4C /* TabBarController.swift */; };
		E7B367F729F4168800A78A4C /* UIColor + ext.swift in Sources */ = {isa = PBXBuildFile; fileRef = E7B367F629F4168800A78A4C /* UIColor + ext.swift */; };
		E7B367FB29F4176100A78A4C /* Resources.swift in Sources */ = {isa = PBXBuildFile; fileRef = E7B367FA29F4176100A78A4C /* Resources.swift */; };
		E7B367FD29F4370C00A78A4C /* NavBarController.swift in Sources */ = {isa = PBXBuildFile; fileRef = E7B367FC29F4370C00A78A4C /* NavBarController.swift */; };
		E7B3680029F43AC900A78A4C /* BaseController.swift in Sources */ = {isa = PBXBuildFile; fileRef = E7B367FF29F43AC900A78A4C /* BaseController.swift */; };
		E7B3680229F43D8E00A78A4C /* UIView + ext.swift in Sources */ = {isa = PBXBuildFile; fileRef = E7B3680129F43D8E00A78A4C /* UIView + ext.swift */; };
		E7B3680929F43FC500A78A4C /* SessionController.swift in Sources */ = {isa = PBXBuildFile; fileRef = E7B3680829F43FC500A78A4C /* SessionController.swift */; };
		E7B3680B29F43FCF00A78A4C /* ProgressController.swift in Sources */ = {isa = PBXBuildFile; fileRef = E7B3680A29F43FCF00A78A4C /* ProgressController.swift */; };
		E7B3680D29F43FD800A78A4C /* SettingsController.swift in Sources */ = {isa = PBXBuildFile; fileRef = E7B3680C29F43FD800A78A4C /* SettingsController.swift */; };
		E7E6A76629F7EB8600787FB7 /* OverviewNavBar.swift in Sources */ = {isa = PBXBuildFile; fileRef = E7E6A76529F7EB8600787FB7 /* OverviewNavBar.swift */; };
		E7E6A76829F7EC9E00787FB7 /* BaseView.swift in Sources */ = {isa = PBXBuildFile; fileRef = E7E6A76729F7EC9E00787FB7 /* BaseView.swift */; };
		E7F31AB829F58B2200149A6A /* SecondaryButton.swift in Sources */ = {isa = PBXBuildFile; fileRef = E7F31AB729F58B2200149A6A /* SecondaryButton.swift */; };
		E7F5716929FAA1050051EB6A /* WeekView.swift in Sources */ = {isa = PBXBuildFile; fileRef = E7F5716829FAA1050051EB6A /* WeekView.swift */; };
		E7F5716B29FAA3B70051EB6A /* WeekdayView.swift in Sources */ = {isa = PBXBuildFile; fileRef = E7F5716A29FAA3B70051EB6A /* WeekdayView.swift */; };
		E7F5716D29FAD3FE0051EB6A /* Date + ext.swift in Sources */ = {isa = PBXBuildFile; fileRef = E7F5716C29FAD3FE0051EB6A /* Date + ext.swift */; };
/* End PBXBuildFile section */

/* Begin PBXFileReference section */
		E7B367D929F4117C00A78A4C /* WorkoutApp.app */ = {isa = PBXFileReference; explicitFileType = wrapper.application; includeInIndex = 0; path = WorkoutApp.app; sourceTree = BUILT_PRODUCTS_DIR; };
		E7B367DC29F4117C00A78A4C /* AppDelegate.swift */ = {isa = PBXFileReference; lastKnownFileType = sourcecode.swift; path = AppDelegate.swift; sourceTree = "<group>"; };
		E7B367DE29F4117C00A78A4C /* SceneDelegate.swift */ = {isa = PBXFileReference; lastKnownFileType = sourcecode.swift; path = SceneDelegate.swift; sourceTree = "<group>"; };
		E7B367E029F4117C00A78A4C /* OverviewController.swift */ = {isa = PBXFileReference; lastKnownFileType = sourcecode.swift; path = OverviewController.swift; sourceTree = "<group>"; };
		E7B367E529F4117E00A78A4C /* Assets.xcassets */ = {isa = PBXFileReference; lastKnownFileType = folder.assetcatalog; path = Assets.xcassets; sourceTree = "<group>"; };
		E7B367E829F4117E00A78A4C /* Base */ = {isa = PBXFileReference; lastKnownFileType = file.storyboard; name = Base; path = Base.lproj/LaunchScreen.storyboard; sourceTree = "<group>"; };
		E7B367EA29F4117E00A78A4C /* Info.plist */ = {isa = PBXFileReference; lastKnownFileType = text.plist.xml; path = Info.plist; sourceTree = "<group>"; };
		E7B367F329F415AC00A78A4C /* TabBarController.swift */ = {isa = PBXFileReference; lastKnownFileType = sourcecode.swift; path = TabBarController.swift; sourceTree = "<group>"; };
		E7B367F629F4168800A78A4C /* UIColor + ext.swift */ = {isa = PBXFileReference; lastKnownFileType = sourcecode.swift; path = "UIColor + ext.swift"; sourceTree = "<group>"; };
		E7B367FA29F4176100A78A4C /* Resources.swift */ = {isa = PBXFileReference; lastKnownFileType = sourcecode.swift; path = Resources.swift; sourceTree = "<group>"; };
		E7B367FC29F4370C00A78A4C /* NavBarController.swift */ = {isa = PBXFileReference; lastKnownFileType = sourcecode.swift; path = NavBarController.swift; sourceTree = "<group>"; };
		E7B367FF29F43AC900A78A4C /* BaseController.swift */ = {isa = PBXFileReference; lastKnownFileType = sourcecode.swift; path = BaseController.swift; sourceTree = "<group>"; };
		E7B3680129F43D8E00A78A4C /* UIView + ext.swift */ = {isa = PBXFileReference; lastKnownFileType = sourcecode.swift; path = "UIView + ext.swift"; sourceTree = "<group>"; };
		E7B3680829F43FC500A78A4C /* SessionController.swift */ = {isa = PBXFileReference; lastKnownFileType = sourcecode.swift; path = SessionController.swift; sourceTree = "<group>"; };
		E7B3680A29F43FCF00A78A4C /* ProgressController.swift */ = {isa = PBXFileReference; lastKnownFileType = sourcecode.swift; path = ProgressController.swift; sourceTree = "<group>"; };
		E7B3680C29F43FD800A78A4C /* SettingsController.swift */ = {isa = PBXFileReference; lastKnownFileType = sourcecode.swift; path = SettingsController.swift; sourceTree = "<group>"; };
		E7E6A76529F7EB8600787FB7 /* OverviewNavBar.swift */ = {isa = PBXFileReference; lastKnownFileType = sourcecode.swift; path = OverviewNavBar.swift; sourceTree = "<group>"; };
		E7E6A76729F7EC9E00787FB7 /* BaseView.swift */ = {isa = PBXFileReference; lastKnownFileType = sourcecode.swift; path = BaseView.swift; sourceTree = "<group>"; };
		E7F31AB729F58B2200149A6A /* SecondaryButton.swift */ = {isa = PBXFileReference; lastKnownFileType = sourcecode.swift; path = SecondaryButton.swift; sourceTree = "<group>"; };
		E7F5716829FAA1050051EB6A /* WeekView.swift */ = {isa = PBXFileReference; lastKnownFileType = sourcecode.swift; path = WeekView.swift; sourceTree = "<group>"; };
		E7F5716A29FAA3B70051EB6A /* WeekdayView.swift */ = {isa = PBXFileReference; lastKnownFileType = sourcecode.swift; path = WeekdayView.swift; sourceTree = "<group>"; };
		E7F5716C29FAD3FE0051EB6A /* Date + ext.swift */ = {isa = PBXFileReference; lastKnownFileType = sourcecode.swift; path = "Date + ext.swift"; sourceTree = "<group>"; };
/* End PBXFileReference section */

/* Begin PBXFrameworksBuildPhase section */
		E7B367D629F4117C00A78A4C /* Frameworks */ = {
			isa = PBXFrameworksBuildPhase;
			buildActionMask = 2147483647;
			files = (
			);
			runOnlyForDeploymentPostprocessing = 0;
		};
/* End PBXFrameworksBuildPhase section */

/* Begin PBXGroup section */
		E7B367D029F4117C00A78A4C = {
			isa = PBXGroup;
			children = (
				E7B367DB29F4117C00A78A4C /* WorkoutApp */,
				E7B367DA29F4117C00A78A4C /* Products */,
			);
			sourceTree = "<group>";
		};
		E7B367DA29F4117C00A78A4C /* Products */ = {
			isa = PBXGroup;
			children = (
				E7B367D929F4117C00A78A4C /* WorkoutApp.app */,
			);
			name = Products;
			sourceTree = "<group>";
		};
		E7B367DB29F4117C00A78A4C /* WorkoutApp */ = {
			isa = PBXGroup;
			children = (
				E7B367F529F4165600A78A4C /* Helpers */,
				E7B367F129F4149A00A78A4C /* Application */,
				E7B367FE29F43A8B00A78A4C /* Controllers */,
				E7B367F229F414A300A78A4C /* SupportingFiles */,
			);
			path = WorkoutApp;
			sourceTree = "<group>";
		};
		E7B367F129F4149A00A78A4C /* Application */ = {
			isa = PBXGroup;
			children = (
				E7B367DC29F4117C00A78A4C /* AppDelegate.swift */,
				E7B367DE29F4117C00A78A4C /* SceneDelegate.swift */,
			);
			path = Application;
			sourceTree = "<group>";
		};
		E7B367F229F414A300A78A4C /* SupportingFiles */ = {
			isa = PBXGroup;
			children = (
				E7B367E529F4117E00A78A4C /* Assets.xcassets */,
				E7B367E729F4117E00A78A4C /* LaunchScreen.storyboard */,
				E7B367EA29F4117E00A78A4C /* Info.plist */,
			);
			path = SupportingFiles;
			sourceTree = "<group>";
		};
		E7B367F529F4165600A78A4C /* Helpers */ = {
			isa = PBXGroup;
			children = (
				E7B367F929F416B000A78A4C /* Extensions */,
				E7B367FA29F4176100A78A4C /* Resources.swift */,
			);
			path = Helpers;
			sourceTree = "<group>";
		};
		E7B367F929F416B000A78A4C /* Extensions */ = {
			isa = PBXGroup;
			children = (
				E7B367F629F4168800A78A4C /* UIColor + ext.swift */,
				E7B3680129F43D8E00A78A4C /* UIView + ext.swift */,
				E7F5716C29FAD3FE0051EB6A /* Date + ext.swift */,
			);
			path = Extensions;
			sourceTree = "<group>";
		};
		E7B367FE29F43A8B00A78A4C /* Controllers */ = {
			isa = PBXGroup;
			children = (
				E7B3680729F43FA800A78A4C /* Settings */,
				E7B3680629F43FA300A78A4C /* Progress */,
				E7B3680529F43F9C00A78A4C /* Session */,
				E7B3680429F43F8500A78A4C /* Overview */,
				E7B3680329F43F6900A78A4C /* Base */,
			);
			path = Controllers;
			sourceTree = "<group>";
		};
		E7B3680329F43F6900A78A4C /* Base */ = {
			isa = PBXGroup;
			children = (
				E7B367F329F415AC00A78A4C /* TabBarController.swift */,
				E7B367FC29F4370C00A78A4C /* NavBarController.swift */,
				E7B367FF29F43AC900A78A4C /* BaseController.swift */,
				E7E6A76729F7EC9E00787FB7 /* BaseView.swift */,
			);
			path = Base;
			sourceTree = "<group>";
		};
		E7B3680429F43F8500A78A4C /* Overview */ = {
			isa = PBXGroup;
			children = (
				E7F31AB629F58AFF00149A6A /* Views */,
				E7B367E029F4117C00A78A4C /* OverviewController.swift */,
			);
			path = Overview;
			sourceTree = "<group>";
		};
		E7B3680529F43F9C00A78A4C /* Session */ = {
			isa = PBXGroup;
			children = (
				E7B3680829F43FC500A78A4C /* SessionController.swift */,
			);
			path = Session;
			sourceTree = "<group>";
		};
		E7B3680629F43FA300A78A4C /* Progress */ = {
			isa = PBXGroup;
			children = (
				E7B3680A29F43FCF00A78A4C /* ProgressController.swift */,
			);
			path = Progress;
			sourceTree = "<group>";
		};
		E7B3680729F43FA800A78A4C /* Settings */ = {
			isa = PBXGroup;
			children = (
				E7B3680C29F43FD800A78A4C /* SettingsController.swift */,
			);
			path = Settings;
			sourceTree = "<group>";
		};
		E7F31AB629F58AFF00149A6A /* Views */ = {
			isa = PBXGroup;
			children = (
				E7F5716729FAA0F30051EB6A /* WeekView */,
				E7F31AB729F58B2200149A6A /* SecondaryButton.swift */,
				E7E6A76529F7EB8600787FB7 /* OverviewNavBar.swift */,
			);
			path = Views;
			sourceTree = "<group>";
		};
		E7F5716729FAA0F30051EB6A /* WeekView */ = {
			isa = PBXGroup;
			children = (
				E7F5716829FAA1050051EB6A /* WeekView.swift */,
				E7F5716A29FAA3B70051EB6A /* WeekdayView.swift */,
			);
			path = WeekView;
			sourceTree = "<group>";
		};
/* End PBXGroup section */

/* Begin PBXNativeTarget section */
		E7B367D829F4117C00A78A4C /* WorkoutApp */ = {
			isa = PBXNativeTarget;
			buildConfigurationList = E7B367ED29F4117E00A78A4C /* Build configuration list for PBXNativeTarget "WorkoutApp" */;
			buildPhases = (
				E7B367D529F4117C00A78A4C /* Sources */,
				E7B367D629F4117C00A78A4C /* Frameworks */,
				E7B367D729F4117C00A78A4C /* Resources */,
			);
			buildRules = (
			);
			dependencies = (
			);
			name = WorkoutApp;
			productName = WorkoutApp;
			productReference = E7B367D929F4117C00A78A4C /* WorkoutApp.app */;
			productType = "com.apple.product-type.application";
		};
/* End PBXNativeTarget section */

/* Begin PBXProject section */
		E7B367D129F4117C00A78A4C /* Project object */ = {
			isa = PBXProject;
			attributes = {
				BuildIndependentTargetsInParallel = 1;
				LastSwiftUpdateCheck = 1420;
				LastUpgradeCheck = 1420;
				TargetAttributes = {
					E7B367D829F4117C00A78A4C = {
						CreatedOnToolsVersion = 14.2;
					};
				};
			};
			buildConfigurationList = E7B367D429F4117C00A78A4C /* Build configuration list for PBXProject "WorkoutApp" */;
			compatibilityVersion = "Xcode 14.0";
			developmentRegion = en;
			hasScannedForEncodings = 0;
			knownRegions = (
				en,
				Base,
			);
			mainGroup = E7B367D029F4117C00A78A4C;
			productRefGroup = E7B367DA29F4117C00A78A4C /* Products */;
			projectDirPath = "";
			projectRoot = "";
			targets = (
				E7B367D829F4117C00A78A4C /* WorkoutApp */,
			);
		};
/* End PBXProject section */

/* Begin PBXResourcesBuildPhase section */
		E7B367D729F4117C00A78A4C /* Resources */ = {
			isa = PBXResourcesBuildPhase;
			buildActionMask = 2147483647;
			files = (
				E7B367E929F4117E00A78A4C /* LaunchScreen.storyboard in Resources */,
				E7B367E629F4117E00A78A4C /* Assets.xcassets in Resources */,
			);
			runOnlyForDeploymentPostprocessing = 0;
		};
/* End PBXResourcesBuildPhase section */

/* Begin PBXSourcesBuildPhase section */
		E7B367D529F4117C00A78A4C /* Sources */ = {
			isa = PBXSourcesBuildPhase;
			buildActionMask = 2147483647;
			files = (
				E7F5716929FAA1050051EB6A /* WeekView.swift in Sources */,
				E7F5716D29FAD3FE0051EB6A /* Date + ext.swift in Sources */,
				E7B3680D29F43FD800A78A4C /* SettingsController.swift in Sources */,
				E7B367E129F4117C00A78A4C /* OverviewController.swift in Sources */,
				E7E6A76629F7EB8600787FB7 /* OverviewNavBar.swift in Sources */,
				E7B367F429F415AC00A78A4C /* TabBarController.swift in Sources */,
				E7B3680229F43D8E00A78A4C /* UIView + ext.swift in Sources */,
				E7B367DD29F4117C00A78A4C /* AppDelegate.swift in Sources */,
				E7B3680929F43FC500A78A4C /* SessionController.swift in Sources */,
				E7F31AB829F58B2200149A6A /* SecondaryButton.swift in Sources */,
				E7B3680B29F43FCF00A78A4C /* ProgressController.swift in Sources */,
				E7B367FD29F4370C00A78A4C /* NavBarController.swift in Sources */,
				E7B367FB29F4176100A78A4C /* Resources.swift in Sources */,
				E7B367DF29F4117C00A78A4C /* SceneDelegate.swift in Sources */,
				E7E6A76829F7EC9E00787FB7 /* BaseView.swift in Sources */,
				E7F5716B29FAA3B70051EB6A /* WeekdayView.swift in Sources */,
				E7B3680029F43AC900A78A4C /* BaseController.swift in Sources */,
				E7B367F729F4168800A78A4C /* UIColor + ext.swift in Sources */,
			);
			runOnlyForDeploymentPostprocessing = 0;
		};
/* End PBXSourcesBuildPhase section */

/* Begin PBXVariantGroup section */
		E7B367E729F4117E00A78A4C /* LaunchScreen.storyboard */ = {
			isa = PBXVariantGroup;
			children = (
				E7B367E829F4117E00A78A4C /* Base */,
			);
			name = LaunchScreen.storyboard;
			sourceTree = "<group>";
		};
/* End PBXVariantGroup section */

/* Begin XCBuildConfiguration section */
		E7B367EB29F4117E00A78A4C /* Debug */ = {
			isa = XCBuildConfiguration;
			buildSettings = {
				ALWAYS_SEARCH_USER_PATHS = NO;
				CLANG_ANALYZER_NONNULL = YES;
				CLANG_ANALYZER_NUMBER_OBJECT_CONVERSION = YES_AGGRESSIVE;
				CLANG_CXX_LANGUAGE_STANDARD = "gnu++20";
				CLANG_ENABLE_MODULES = YES;
				CLANG_ENABLE_OBJC_ARC = YES;
				CLANG_ENABLE_OBJC_WEAK = YES;
				CLANG_WARN_BLOCK_CAPTURE_AUTORELEASING = YES;
				CLANG_WARN_BOOL_CONVERSION = YES;
				CLANG_WARN_COMMA = YES;
				CLANG_WARN_CONSTANT_CONVERSION = YES;
				CLANG_WARN_DEPRECATED_OBJC_IMPLEMENTATIONS = YES;
				CLANG_WARN_DIRECT_OBJC_ISA_USAGE = YES_ERROR;
				CLANG_WARN_DOCUMENTATION_COMMENTS = YES;
				CLANG_WARN_EMPTY_BODY = YES;
				CLANG_WARN_ENUM_CONVERSION = YES;
				CLANG_WARN_INFINITE_RECURSION = YES;
				CLANG_WARN_INT_CONVERSION = YES;
				CLANG_WARN_NON_LITERAL_NULL_CONVERSION = YES;
				CLANG_WARN_OBJC_IMPLICIT_RETAIN_SELF = YES;
				CLANG_WARN_OBJC_LITERAL_CONVERSION = YES;
				CLANG_WARN_OBJC_ROOT_CLASS = YES_ERROR;
				CLANG_WARN_QUOTED_INCLUDE_IN_FRAMEWORK_HEADER = YES;
				CLANG_WARN_RANGE_LOOP_ANALYSIS = YES;
				CLANG_WARN_STRICT_PROTOTYPES = YES;
				CLANG_WARN_SUSPICIOUS_MOVE = YES;
				CLANG_WARN_UNGUARDED_AVAILABILITY = YES_AGGRESSIVE;
				CLANG_WARN_UNREACHABLE_CODE = YES;
				CLANG_WARN__DUPLICATE_METHOD_MATCH = YES;
				COPY_PHASE_STRIP = NO;
				DEBUG_INFORMATION_FORMAT = dwarf;
				ENABLE_STRICT_OBJC_MSGSEND = YES;
				ENABLE_TESTABILITY = YES;
				GCC_C_LANGUAGE_STANDARD = gnu11;
				GCC_DYNAMIC_NO_PIC = NO;
				GCC_NO_COMMON_BLOCKS = YES;
				GCC_OPTIMIZATION_LEVEL = 0;
				GCC_PREPROCESSOR_DEFINITIONS = (
					"DEBUG=1",
					"$(inherited)",
				);
				GCC_WARN_64_TO_32_BIT_CONVERSION = YES;
				GCC_WARN_ABOUT_RETURN_TYPE = YES_ERROR;
				GCC_WARN_UNDECLARED_SELECTOR = YES;
				GCC_WARN_UNINITIALIZED_AUTOS = YES_AGGRESSIVE;
				GCC_WARN_UNUSED_FUNCTION = YES;
				GCC_WARN_UNUSED_VARIABLE = YES;
				IPHONEOS_DEPLOYMENT_TARGET = 16.2;
				MTL_ENABLE_DEBUG_INFO = INCLUDE_SOURCE;
				MTL_FAST_MATH = YES;
				ONLY_ACTIVE_ARCH = YES;
				SDKROOT = iphoneos;
				SWIFT_ACTIVE_COMPILATION_CONDITIONS = DEBUG;
				SWIFT_OPTIMIZATION_LEVEL = "-Onone";
			};
			name = Debug;
		};
		E7B367EC29F4117E00A78A4C /* Release */ = {
			isa = XCBuildConfiguration;
			buildSettings = {
				ALWAYS_SEARCH_USER_PATHS = NO;
				CLANG_ANALYZER_NONNULL = YES;
				CLANG_ANALYZER_NUMBER_OBJECT_CONVERSION = YES_AGGRESSIVE;
				CLANG_CXX_LANGUAGE_STANDARD = "gnu++20";
				CLANG_ENABLE_MODULES = YES;
				CLANG_ENABLE_OBJC_ARC = YES;
				CLANG_ENABLE_OBJC_WEAK = YES;
				CLANG_WARN_BLOCK_CAPTURE_AUTORELEASING = YES;
				CLANG_WARN_BOOL_CONVERSION = YES;
				CLANG_WARN_COMMA = YES;
				CLANG_WARN_CONSTANT_CONVERSION = YES;
				CLANG_WARN_DEPRECATED_OBJC_IMPLEMENTATIONS = YES;
				CLANG_WARN_DIRECT_OBJC_ISA_USAGE = YES_ERROR;
				CLANG_WARN_DOCUMENTATION_COMMENTS = YES;
				CLANG_WARN_EMPTY_BODY = YES;
				CLANG_WARN_ENUM_CONVERSION = YES;
				CLANG_WARN_INFINITE_RECURSION = YES;
				CLANG_WARN_INT_CONVERSION = YES;
				CLANG_WARN_NON_LITERAL_NULL_CONVERSION = YES;
				CLANG_WARN_OBJC_IMPLICIT_RETAIN_SELF = YES;
				CLANG_WARN_OBJC_LITERAL_CONVERSION = YES;
				CLANG_WARN_OBJC_ROOT_CLASS = YES_ERROR;
				CLANG_WARN_QUOTED_INCLUDE_IN_FRAMEWORK_HEADER = YES;
				CLANG_WARN_RANGE_LOOP_ANALYSIS = YES;
				CLANG_WARN_STRICT_PROTOTYPES = YES;
				CLANG_WARN_SUSPICIOUS_MOVE = YES;
				CLANG_WARN_UNGUARDED_AVAILABILITY = YES_AGGRESSIVE;
				CLANG_WARN_UNREACHABLE_CODE = YES;
				CLANG_WARN__DUPLICATE_METHOD_MATCH = YES;
				COPY_PHASE_STRIP = NO;
				DEBUG_INFORMATION_FORMAT = "dwarf-with-dsym";
				ENABLE_NS_ASSERTIONS = NO;
				ENABLE_STRICT_OBJC_MSGSEND = YES;
				GCC_C_LANGUAGE_STANDARD = gnu11;
				GCC_NO_COMMON_BLOCKS = YES;
				GCC_WARN_64_TO_32_BIT_CONVERSION = YES;
				GCC_WARN_ABOUT_RETURN_TYPE = YES_ERROR;
				GCC_WARN_UNDECLARED_SELECTOR = YES;
				GCC_WARN_UNINITIALIZED_AUTOS = YES_AGGRESSIVE;
				GCC_WARN_UNUSED_FUNCTION = YES;
				GCC_WARN_UNUSED_VARIABLE = YES;
				IPHONEOS_DEPLOYMENT_TARGET = 16.2;
				MTL_ENABLE_DEBUG_INFO = NO;
				MTL_FAST_MATH = YES;
				SDKROOT = iphoneos;
				SWIFT_COMPILATION_MODE = wholemodule;
				SWIFT_OPTIMIZATION_LEVEL = "-O";
				VALIDATE_PRODUCT = YES;
			};
			name = Release;
		};
		E7B367EE29F4117E00A78A4C /* Debug */ = {
			isa = XCBuildConfiguration;
			buildSettings = {
				ASSETCATALOG_COMPILER_APPICON_NAME = AppIcon;
				ASSETCATALOG_COMPILER_GLOBAL_ACCENT_COLOR_NAME = AccentColor;
				CODE_SIGN_STYLE = Automatic;
				CURRENT_PROJECT_VERSION = 1;
				DEVELOPMENT_TEAM = 7LRMH9N592;
				GENERATE_INFOPLIST_FILE = YES;
				INFOPLIST_FILE = WorkoutApp/SupportingFiles/Info.plist;
				INFOPLIST_KEY_UIApplicationSupportsIndirectInputEvents = YES;
				INFOPLIST_KEY_UILaunchStoryboardName = LaunchScreen;
				INFOPLIST_KEY_UISupportedInterfaceOrientations = UIInterfaceOrientationPortrait;
				INFOPLIST_KEY_UISupportedInterfaceOrientations_iPad = "UIInterfaceOrientationLandscapeLeft UIInterfaceOrientationLandscapeRight UIInterfaceOrientationPortrait UIInterfaceOrientationPortraitUpsideDown";
				IPHONEOS_DEPLOYMENT_TARGET = 13.0;
				LD_RUNPATH_SEARCH_PATHS = (
					"$(inherited)",
					"@executable_path/Frameworks",
				);
				MARKETING_VERSION = 1.0;
				PRODUCT_BUNDLE_IDENTIFIER = com.Yan.WorkoutApp;
				PRODUCT_NAME = "$(TARGET_NAME)";
				SUPPORTED_PLATFORMS = "iphoneos iphonesimulator";
				SUPPORTS_MACCATALYST = NO;
				SUPPORTS_MAC_DESIGNED_FOR_IPHONE_IPAD = NO;
				SWIFT_EMIT_LOC_STRINGS = YES;
				SWIFT_VERSION = 5.0;
				TARGETED_DEVICE_FAMILY = 1;
			};
			name = Debug;
		};
		E7B367EF29F4117E00A78A4C /* Release */ = {
			isa = XCBuildConfiguration;
			buildSettings = {
				ASSETCATALOG_COMPILER_APPICON_NAME = AppIcon;
				ASSETCATALOG_COMPILER_GLOBAL_ACCENT_COLOR_NAME = AccentColor;
				CODE_SIGN_STYLE = Automatic;
				CURRENT_PROJECT_VERSION = 1;
				DEVELOPMENT_TEAM = 7LRMH9N592;
				GENERATE_INFOPLIST_FILE = YES;
				INFOPLIST_FILE = WorkoutApp/SupportingFiles/Info.plist;
				INFOPLIST_KEY_UIApplicationSupportsIndirectInputEvents = YES;
				INFOPLIST_KEY_UILaunchStoryboardName = LaunchScreen;
				INFOPLIST_KEY_UISupportedInterfaceOrientations = UIInterfaceOrientationPortrait;
				INFOPLIST_KEY_UISupportedInterfaceOrientations_iPad = "UIInterfaceOrientationLandscapeLeft UIInterfaceOrientationLandscapeRight UIInterfaceOrientationPortrait UIInterfaceOrientationPortraitUpsideDown";
				IPHONEOS_DEPLOYMENT_TARGET = 13.0;
				LD_RUNPATH_SEARCH_PATHS = (
					"$(inherited)",
					"@executable_path/Frameworks",
				);
				MARKETING_VERSION = 1.0;
				PRODUCT_BUNDLE_IDENTIFIER = com.Yan.WorkoutApp;
				PRODUCT_NAME = "$(TARGET_NAME)";
				SUPPORTED_PLATFORMS = "iphoneos iphonesimulator";
				SUPPORTS_MACCATALYST = NO;
				SUPPORTS_MAC_DESIGNED_FOR_IPHONE_IPAD = NO;
				SWIFT_EMIT_LOC_STRINGS = YES;
				SWIFT_VERSION = 5.0;
				TARGETED_DEVICE_FAMILY = 1;
			};
			name = Release;
		};
/* End XCBuildConfiguration section */

/* Begin XCConfigurationList section */
		E7B367D429F4117C00A78A4C /* Build configuration list for PBXProject "WorkoutApp" */ = {
			isa = XCConfigurationList;
			buildConfigurations = (
				E7B367EB29F4117E00A78A4C /* Debug */,
				E7B367EC29F4117E00A78A4C /* Release */,
			);
			defaultConfigurationIsVisible = 0;
			defaultConfigurationName = Release;
		};
		E7B367ED29F4117E00A78A4C /* Build configuration list for PBXNativeTarget "WorkoutApp" */ = {
			isa = XCConfigurationList;
			buildConfigurations = (
				E7B367EE29F4117E00A78A4C /* Debug */,
				E7B367EF29F4117E00A78A4C /* Release */,
			);
			defaultConfigurationIsVisible = 0;
			defaultConfigurationName = Release;
		};
/* End XCConfigurationList section */
	};
	rootObject = E7B367D129F4117C00A78A4C /* Project object */;
}
